# This file is automatically @generated by Cargo.
# It is not intended for manual editing.
# Este archivo hace un seguimiento de las versiones 
# de las dependencias en el proyecto
# En este caso el proyecto no tiene dependencia por
# eso se ve escaso jajaja
# cargo gestiona este archivo por usted
version = 3

[[package]]
name = "hello_cargo"
version = "0.1.0"
